
Microsoft Visual Studio Solution File, Format Version 12.00
# Visual Studio Version 16
VisualStudioVersion = 16.0.29728.190
MinimumVisualStudioVersion = 10.0.40219.1
Project("{8BC9CEB8-8B4A-11D0-8D11-00A0C91BC942}") = "Exe01-EqualOperation", "Exe1\Exe1.vcxproj", "{3E44CE69-97E8-467E-8F05-B304EA38C04D}"
EndProject
Project("{8BC9CEB8-8B4A-11D0-8D11-00A0C91BC942}") = "Exe03-1-Duplication", "Exe3\Exe3.vcxproj", "{558AF860-BF8C-446B-A725-DE897763D83A}"
EndProject
Project("{8BC9CEB8-8B4A-11D0-8D11-00A0C91BC942}") = "Exe03-2-DuplicationNotEdit", "Exe3-2\Exe3-2.vcxproj", "{1AF7F3C2-FC69-472B-99BC-CC2458BA73C3}"
EndProject
Project("{8BC9CEB8-8B4A-11D0-8D11-00A0C91BC942}") = "Exe04-MatrixSearch", "Exe4\Exe4.vcxproj", "{B911A4E9-7E97-4B82-B11F-B05982CA6FEC}"
EndProject
Project("{8BC9CEB8-8B4A-11D0-8D11-00A0C91BC942}") = "Exe05-ReplaceSpaces", "Exe5-ReplaceSpace\Exe5-ReplaceSpace.vcxproj", "{48A18DF6-C6E8-47D3-9FBF-14CAEB36FB31}"
EndProject
Project("{8BC9CEB8-8B4A-11D0-8D11-00A0C91BC942}") = "Exe06-PrintListNode", "Exe6-PrintListNode\Exe6-PrintListNode.vcxproj", "{9123C6D8-87A9-494E-A4BC-53FCE55C41E8}"
EndProject
Project("{8BC9CEB8-8B4A-11D0-8D11-00A0C91BC942}") = "Exe07-RebuildBiTree", "Exe7-RebuildBiTree\Exe7-RebuildBiTree.vcxproj", "{3561FD6E-887A-4D3A-84D8-250B4D5B28A4}"
EndProject
Project("{8BC9CEB8-8B4A-11D0-8D11-00A0C91BC942}") = "Utilities", "Utilities\Utilities.vcxproj", "{AB703F10-6A92-490F-A608-1144CCF39898}"
EndProject
Project("{8BC9CEB8-8B4A-11D0-8D11-00A0C91BC942}") = "Exe08-GetNextNode", "Exe8-GetNextNode\Exe8-GetNextNode.vcxproj", "{25DDDC28-059C-4A0C-82CF-FEF5E77F9C1F}"
EndProject
Project("{8BC9CEB8-8B4A-11D0-8D11-00A0C91BC942}") = "Exe09-Queuewith2Stack", "Exe9-Queuewith2Stack\Exe9-Queuewith2Stack.vcxproj", "{6EC261A8-2D36-4DD5-913F-C182F5D0D7B7}"
EndProject
Project("{8BC9CEB8-8B4A-11D0-8D11-00A0C91BC942}") = "Exe09a-Stackwith2Queue", "Exe9a-Stackwith2Queue\Exe9a-Stackwith2Queue.vcxproj", "{CD44F43F-CC1B-4E7A-A3BD-1FA4815D9511}"
EndProject
Project("{8BC9CEB8-8B4A-11D0-8D11-00A0C91BC942}") = "Exe10-Fibonacci", "Exe10-Fibonacci\Exe10-Fibonacci.vcxproj", "{2D59EFE1-194E-4063-A75D-D989940099A2}"
EndProject
Project("{8BC9CEB8-8B4A-11D0-8D11-00A0C91BC942}") = "Exe11-MinNumberInRotatedArray", "Exe11-MinNumberInRotatedArray\Exe11-MinNumberInRotatedArray.vcxproj", "{45DB68C3-5B35-4BF0-B524-1C32A737CF2B}"
EndProject
Project("{8BC9CEB8-8B4A-11D0-8D11-00A0C91BC942}") = "SearchMethods", "SearchMethods\SearchMethods.vcxproj", "{BBF639DA-FC15-4F5D-8CC0-0B9082C42328}"
EndProject
Project("{8BC9CEB8-8B4A-11D0-8D11-00A0C91BC942}") = "SortMethods", "SortMethods\SortMethods.vcxproj", "{BF5F1E83-31E2-40DD-AD27-265690806CC2}"
EndProject
Project("{8BC9CEB8-8B4A-11D0-8D11-00A0C91BC942}") = "Exe12-PathinMatrix", "Exe12-PathinMatrix\Exe12-PathinMatrix.vcxproj", "{0B30824F-0576-4F98-AD54-CC38A2835ACB}"
EndProject
Project("{8BC9CEB8-8B4A-11D0-8D11-00A0C91BC942}") = "Exe13-RobotMove", "Exe13-RobotMove\Exe13-RobotMove.vcxproj", "{EAD345ED-0093-4304-9E96-2AFA4829A6EF}"
EndProject
Project("{8BC9CEB8-8B4A-11D0-8D11-00A0C91BC942}") = "Exe14-CuttingRope", "Exe14-CuttingRope\Exe14-CuttingRope.vcxproj", "{742279FB-93E7-47FE-9ED3-F7A2AEA88456}"
EndProject
Project("{8BC9CEB8-8B4A-11D0-8D11-00A0C91BC942}") = "Exe15-Numberof1inBinary", "Exe15-Numberof1inBinary\Exe15-Numberof1inBinary.vcxproj", "{E8972822-7A91-4153-A972-5E998876CFAA}"
EndProject
Project("{8BC9CEB8-8B4A-11D0-8D11-00A0C91BC942}") = "Exe16-Power", "Exe16-Power\Exe16-Power.vcxproj", "{2A71C999-3161-4C4E-9020-155ECBA307AA}"
EndProject
Project("{8BC9CEB8-8B4A-11D0-8D11-00A0C91BC942}") = "Exe17-Print1toMaxOfNDigits", "Exe17-Print1toMaxOfNDigits\Exe17-Print1toMaxOfNDigits.vcxproj", "{AEC53962-027D-4C8A-AD72-7FC02873408F}"
EndProject
Project("{8BC9CEB8-8B4A-11D0-8D11-00A0C91BC942}") = "Exe18-1-DeleteLinkNode", "Exe18-DeleteLinkNode\Exe18-DeleteLinkNode.vcxproj", "{72ED5222-9C28-4A92-83E3-636A37A265B5}"
EndProject
Project("{8BC9CEB8-8B4A-11D0-8D11-00A0C91BC942}") = "Exe18-2-DeleteDuplicatedNode", "Exe18-2-DeleteDuplicatedNode\Exe18-2-DeleteDuplicatedNode.vcxproj", "{00D3200B-46CD-4D34-AE3F-346511954548}"
EndProject
Global
	GlobalSection(SolutionConfigurationPlatforms) = preSolution
		Debug|x64 = Debug|x64
		Debug|x86 = Debug|x86
		Release|x64 = Release|x64
		Release|x86 = Release|x86
	EndGlobalSection
	GlobalSection(ProjectConfigurationPlatforms) = postSolution
		{3E44CE69-97E8-467E-8F05-B304EA38C04D}.Debug|x64.ActiveCfg = Debug|x64
		{3E44CE69-97E8-467E-8F05-B304EA38C04D}.Debug|x64.Build.0 = Debug|x64
		{3E44CE69-97E8-467E-8F05-B304EA38C04D}.Debug|x86.ActiveCfg = Debug|Win32
		{3E44CE69-97E8-467E-8F05-B304EA38C04D}.Debug|x86.Build.0 = Debug|Win32
		{3E44CE69-97E8-467E-8F05-B304EA38C04D}.Release|x64.ActiveCfg = Release|x64
		{3E44CE69-97E8-467E-8F05-B304EA38C04D}.Release|x64.Build.0 = Release|x64
		{3E44CE69-97E8-467E-8F05-B304EA38C04D}.Release|x86.ActiveCfg = Release|Win32
		{3E44CE69-97E8-467E-8F05-B304EA38C04D}.Release|x86.Build.0 = Release|Win32
		{558AF860-BF8C-446B-A725-DE897763D83A}.Debug|x64.ActiveCfg = Debug|x64
		{558AF860-BF8C-446B-A725-DE897763D83A}.Debug|x64.Build.0 = Debug|x64
		{558AF860-BF8C-446B-A725-DE897763D83A}.Debug|x86.ActiveCfg = Debug|Win32
		{558AF860-BF8C-446B-A725-DE897763D83A}.Debug|x86.Build.0 = Debug|Win32
		{558AF860-BF8C-446B-A725-DE897763D83A}.Release|x64.ActiveCfg = Release|x64
		{558AF860-BF8C-446B-A725-DE897763D83A}.Release|x64.Build.0 = Release|x64
		{558AF860-BF8C-446B-A725-DE897763D83A}.Release|x86.ActiveCfg = Release|Win32
		{558AF860-BF8C-446B-A725-DE897763D83A}.Release|x86.Build.0 = Release|Win32
		{1AF7F3C2-FC69-472B-99BC-CC2458BA73C3}.Debug|x64.ActiveCfg = Debug|x64
		{1AF7F3C2-FC69-472B-99BC-CC2458BA73C3}.Debug|x64.Build.0 = Debug|x64
		{1AF7F3C2-FC69-472B-99BC-CC2458BA73C3}.Debug|x86.ActiveCfg = Debug|Win32
		{1AF7F3C2-FC69-472B-99BC-CC2458BA73C3}.Debug|x86.Build.0 = Debug|Win32
		{1AF7F3C2-FC69-472B-99BC-CC2458BA73C3}.Release|x64.ActiveCfg = Release|x64
		{1AF7F3C2-FC69-472B-99BC-CC2458BA73C3}.Release|x64.Build.0 = Release|x64
		{1AF7F3C2-FC69-472B-99BC-CC2458BA73C3}.Release|x86.ActiveCfg = Release|Win32
		{1AF7F3C2-FC69-472B-99BC-CC2458BA73C3}.Release|x86.Build.0 = Release|Win32
		{B911A4E9-7E97-4B82-B11F-B05982CA6FEC}.Debug|x64.ActiveCfg = Debug|x64
		{B911A4E9-7E97-4B82-B11F-B05982CA6FEC}.Debug|x64.Build.0 = Debug|x64
		{B911A4E9-7E97-4B82-B11F-B05982CA6FEC}.Debug|x86.ActiveCfg = Debug|Win32
		{B911A4E9-7E97-4B82-B11F-B05982CA6FEC}.Debug|x86.Build.0 = Debug|Win32
		{B911A4E9-7E97-4B82-B11F-B05982CA6FEC}.Release|x64.ActiveCfg = Release|x64
		{B911A4E9-7E97-4B82-B11F-B05982CA6FEC}.Release|x64.Build.0 = Release|x64
		{B911A4E9-7E97-4B82-B11F-B05982CA6FEC}.Release|x86.ActiveCfg = Release|Win32
		{B911A4E9-7E97-4B82-B11F-B05982CA6FEC}.Release|x86.Build.0 = Release|Win32
		{48A18DF6-C6E8-47D3-9FBF-14CAEB36FB31}.Debug|x64.ActiveCfg = Debug|x64
		{48A18DF6-C6E8-47D3-9FBF-14CAEB36FB31}.Debug|x64.Build.0 = Debug|x64
		{48A18DF6-C6E8-47D3-9FBF-14CAEB36FB31}.Debug|x86.ActiveCfg = Debug|Win32
		{48A18DF6-C6E8-47D3-9FBF-14CAEB36FB31}.Debug|x86.Build.0 = Debug|Win32
		{48A18DF6-C6E8-47D3-9FBF-14CAEB36FB31}.Release|x64.ActiveCfg = Release|x64
		{48A18DF6-C6E8-47D3-9FBF-14CAEB36FB31}.Release|x64.Build.0 = Release|x64
		{48A18DF6-C6E8-47D3-9FBF-14CAEB36FB31}.Release|x86.ActiveCfg = Release|Win32
		{48A18DF6-C6E8-47D3-9FBF-14CAEB36FB31}.Release|x86.Build.0 = Release|Win32
		{9123C6D8-87A9-494E-A4BC-53FCE55C41E8}.Debug|x64.ActiveCfg = Debug|x64
		{9123C6D8-87A9-494E-A4BC-53FCE55C41E8}.Debug|x64.Build.0 = Debug|x64
		{9123C6D8-87A9-494E-A4BC-53FCE55C41E8}.Debug|x86.ActiveCfg = Debug|Win32
		{9123C6D8-87A9-494E-A4BC-53FCE55C41E8}.Debug|x86.Build.0 = Debug|Win32
		{9123C6D8-87A9-494E-A4BC-53FCE55C41E8}.Release|x64.ActiveCfg = Release|x64
		{9123C6D8-87A9-494E-A4BC-53FCE55C41E8}.Release|x64.Build.0 = Release|x64
		{9123C6D8-87A9-494E-A4BC-53FCE55C41E8}.Release|x86.ActiveCfg = Release|Win32
		{9123C6D8-87A9-494E-A4BC-53FCE55C41E8}.Release|x86.Build.0 = Release|Win32
		{3561FD6E-887A-4D3A-84D8-250B4D5B28A4}.Debug|x64.ActiveCfg = Debug|x64
		{3561FD6E-887A-4D3A-84D8-250B4D5B28A4}.Debug|x64.Build.0 = Debug|x64
		{3561FD6E-887A-4D3A-84D8-250B4D5B28A4}.Debug|x86.ActiveCfg = Debug|Win32
		{3561FD6E-887A-4D3A-84D8-250B4D5B28A4}.Debug|x86.Build.0 = Debug|Win32
		{3561FD6E-887A-4D3A-84D8-250B4D5B28A4}.Release|x64.ActiveCfg = Release|x64
		{3561FD6E-887A-4D3A-84D8-250B4D5B28A4}.Release|x64.Build.0 = Release|x64
		{3561FD6E-887A-4D3A-84D8-250B4D5B28A4}.Release|x86.ActiveCfg = Release|Win32
		{3561FD6E-887A-4D3A-84D8-250B4D5B28A4}.Release|x86.Build.0 = Release|Win32
		{AB703F10-6A92-490F-A608-1144CCF39898}.Debug|x64.ActiveCfg = Debug|x64
		{AB703F10-6A92-490F-A608-1144CCF39898}.Debug|x64.Build.0 = Debug|x64
		{AB703F10-6A92-490F-A608-1144CCF39898}.Debug|x86.ActiveCfg = Debug|Win32
		{AB703F10-6A92-490F-A608-1144CCF39898}.Debug|x86.Build.0 = Debug|Win32
		{AB703F10-6A92-490F-A608-1144CCF39898}.Release|x64.ActiveCfg = Release|x64
		{AB703F10-6A92-490F-A608-1144CCF39898}.Release|x64.Build.0 = Release|x64
		{AB703F10-6A92-490F-A608-1144CCF39898}.Release|x86.ActiveCfg = Release|Win32
		{AB703F10-6A92-490F-A608-1144CCF39898}.Release|x86.Build.0 = Release|Win32
		{25DDDC28-059C-4A0C-82CF-FEF5E77F9C1F}.Debug|x64.ActiveCfg = Debug|x64
		{25DDDC28-059C-4A0C-82CF-FEF5E77F9C1F}.Debug|x64.Build.0 = Debug|x64
		{25DDDC28-059C-4A0C-82CF-FEF5E77F9C1F}.Debug|x86.ActiveCfg = Debug|Win32
		{25DDDC28-059C-4A0C-82CF-FEF5E77F9C1F}.Debug|x86.Build.0 = Debug|Win32
		{25DDDC28-059C-4A0C-82CF-FEF5E77F9C1F}.Release|x64.ActiveCfg = Release|x64
		{25DDDC28-059C-4A0C-82CF-FEF5E77F9C1F}.Release|x64.Build.0 = Release|x64
		{25DDDC28-059C-4A0C-82CF-FEF5E77F9C1F}.Release|x86.ActiveCfg = Release|Win32
		{25DDDC28-059C-4A0C-82CF-FEF5E77F9C1F}.Release|x86.Build.0 = Release|Win32
		{6EC261A8-2D36-4DD5-913F-C182F5D0D7B7}.Debug|x64.ActiveCfg = Debug|x64
		{6EC261A8-2D36-4DD5-913F-C182F5D0D7B7}.Debug|x64.Build.0 = Debug|x64
		{6EC261A8-2D36-4DD5-913F-C182F5D0D7B7}.Debug|x86.ActiveCfg = Debug|Win32
		{6EC261A8-2D36-4DD5-913F-C182F5D0D7B7}.Debug|x86.Build.0 = Debug|Win32
		{6EC261A8-2D36-4DD5-913F-C182F5D0D7B7}.Release|x64.ActiveCfg = Release|x64
		{6EC261A8-2D36-4DD5-913F-C182F5D0D7B7}.Release|x64.Build.0 = Release|x64
		{6EC261A8-2D36-4DD5-913F-C182F5D0D7B7}.Release|x86.ActiveCfg = Release|Win32
		{6EC261A8-2D36-4DD5-913F-C182F5D0D7B7}.Release|x86.Build.0 = Release|Win32
		{CD44F43F-CC1B-4E7A-A3BD-1FA4815D9511}.Debug|x64.ActiveCfg = Debug|x64
		{CD44F43F-CC1B-4E7A-A3BD-1FA4815D9511}.Debug|x64.Build.0 = Debug|x64
		{CD44F43F-CC1B-4E7A-A3BD-1FA4815D9511}.Debug|x86.ActiveCfg = Debug|Win32
		{CD44F43F-CC1B-4E7A-A3BD-1FA4815D9511}.Debug|x86.Build.0 = Debug|Win32
		{CD44F43F-CC1B-4E7A-A3BD-1FA4815D9511}.Release|x64.ActiveCfg = Release|x64
		{CD44F43F-CC1B-4E7A-A3BD-1FA4815D9511}.Release|x64.Build.0 = Release|x64
		{CD44F43F-CC1B-4E7A-A3BD-1FA4815D9511}.Release|x86.ActiveCfg = Release|Win32
		{CD44F43F-CC1B-4E7A-A3BD-1FA4815D9511}.Release|x86.Build.0 = Release|Win32
		{2D59EFE1-194E-4063-A75D-D989940099A2}.Debug|x64.ActiveCfg = Debug|x64
		{2D59EFE1-194E-4063-A75D-D989940099A2}.Debug|x64.Build.0 = Debug|x64
		{2D59EFE1-194E-4063-A75D-D989940099A2}.Debug|x86.ActiveCfg = Debug|Win32
		{2D59EFE1-194E-4063-A75D-D989940099A2}.Debug|x86.Build.0 = Debug|Win32
		{2D59EFE1-194E-4063-A75D-D989940099A2}.Release|x64.ActiveCfg = Release|x64
		{2D59EFE1-194E-4063-A75D-D989940099A2}.Release|x64.Build.0 = Release|x64
		{2D59EFE1-194E-4063-A75D-D989940099A2}.Release|x86.ActiveCfg = Release|Win32
		{2D59EFE1-194E-4063-A75D-D989940099A2}.Release|x86.Build.0 = Release|Win32
		{45DB68C3-5B35-4BF0-B524-1C32A737CF2B}.Debug|x64.ActiveCfg = Debug|x64
		{45DB68C3-5B35-4BF0-B524-1C32A737CF2B}.Debug|x64.Build.0 = Debug|x64
		{45DB68C3-5B35-4BF0-B524-1C32A737CF2B}.Debug|x86.ActiveCfg = Debug|Win32
		{45DB68C3-5B35-4BF0-B524-1C32A737CF2B}.Debug|x86.Build.0 = Debug|Win32
		{45DB68C3-5B35-4BF0-B524-1C32A737CF2B}.Release|x64.ActiveCfg = Release|x64
		{45DB68C3-5B35-4BF0-B524-1C32A737CF2B}.Release|x64.Build.0 = Release|x64
		{45DB68C3-5B35-4BF0-B524-1C32A737CF2B}.Release|x86.ActiveCfg = Release|Win32
		{45DB68C3-5B35-4BF0-B524-1C32A737CF2B}.Release|x86.Build.0 = Release|Win32
		{BBF639DA-FC15-4F5D-8CC0-0B9082C42328}.Debug|x64.ActiveCfg = Debug|x64
		{BBF639DA-FC15-4F5D-8CC0-0B9082C42328}.Debug|x64.Build.0 = Debug|x64
		{BBF639DA-FC15-4F5D-8CC0-0B9082C42328}.Debug|x86.ActiveCfg = Debug|Win32
		{BBF639DA-FC15-4F5D-8CC0-0B9082C42328}.Debug|x86.Build.0 = Debug|Win32
		{BBF639DA-FC15-4F5D-8CC0-0B9082C42328}.Release|x64.ActiveCfg = Release|x64
		{BBF639DA-FC15-4F5D-8CC0-0B9082C42328}.Release|x64.Build.0 = Release|x64
		{BBF639DA-FC15-4F5D-8CC0-0B9082C42328}.Release|x86.ActiveCfg = Release|Win32
		{BBF639DA-FC15-4F5D-8CC0-0B9082C42328}.Release|x86.Build.0 = Release|Win32
		{BF5F1E83-31E2-40DD-AD27-265690806CC2}.Debug|x64.ActiveCfg = Debug|x64
		{BF5F1E83-31E2-40DD-AD27-265690806CC2}.Debug|x64.Build.0 = Debug|x64
		{BF5F1E83-31E2-40DD-AD27-265690806CC2}.Debug|x86.ActiveCfg = Debug|Win32
		{BF5F1E83-31E2-40DD-AD27-265690806CC2}.Debug|x86.Build.0 = Debug|Win32
		{BF5F1E83-31E2-40DD-AD27-265690806CC2}.Release|x64.ActiveCfg = Release|x64
		{BF5F1E83-31E2-40DD-AD27-265690806CC2}.Release|x64.Build.0 = Release|x64
		{BF5F1E83-31E2-40DD-AD27-265690806CC2}.Release|x86.ActiveCfg = Release|Win32
		{BF5F1E83-31E2-40DD-AD27-265690806CC2}.Release|x86.Build.0 = Release|Win32
		{0B30824F-0576-4F98-AD54-CC38A2835ACB}.Debug|x64.ActiveCfg = Debug|x64
		{0B30824F-0576-4F98-AD54-CC38A2835ACB}.Debug|x64.Build.0 = Debug|x64
		{0B30824F-0576-4F98-AD54-CC38A2835ACB}.Debug|x86.ActiveCfg = Debug|Win32
		{0B30824F-0576-4F98-AD54-CC38A2835ACB}.Debug|x86.Build.0 = Debug|Win32
		{0B30824F-0576-4F98-AD54-CC38A2835ACB}.Release|x64.ActiveCfg = Release|x64
		{0B30824F-0576-4F98-AD54-CC38A2835ACB}.Release|x64.Build.0 = Release|x64
		{0B30824F-0576-4F98-AD54-CC38A2835ACB}.Release|x86.ActiveCfg = Release|Win32
		{0B30824F-0576-4F98-AD54-CC38A2835ACB}.Release|x86.Build.0 = Release|Win32
		{EAD345ED-0093-4304-9E96-2AFA4829A6EF}.Debug|x64.ActiveCfg = Debug|x64
		{EAD345ED-0093-4304-9E96-2AFA4829A6EF}.Debug|x64.Build.0 = Debug|x64
		{EAD345ED-0093-4304-9E96-2AFA4829A6EF}.Debug|x86.ActiveCfg = Debug|Win32
		{EAD345ED-0093-4304-9E96-2AFA4829A6EF}.Debug|x86.Build.0 = Debug|Win32
		{EAD345ED-0093-4304-9E96-2AFA4829A6EF}.Release|x64.ActiveCfg = Release|x64
		{EAD345ED-0093-4304-9E96-2AFA4829A6EF}.Release|x64.Build.0 = Release|x64
		{EAD345ED-0093-4304-9E96-2AFA4829A6EF}.Release|x86.ActiveCfg = Release|Win32
		{EAD345ED-0093-4304-9E96-2AFA4829A6EF}.Release|x86.Build.0 = Release|Win32
		{742279FB-93E7-47FE-9ED3-F7A2AEA88456}.Debug|x64.ActiveCfg = Debug|x64
		{742279FB-93E7-47FE-9ED3-F7A2AEA88456}.Debug|x64.Build.0 = Debug|x64
		{742279FB-93E7-47FE-9ED3-F7A2AEA88456}.Debug|x86.ActiveCfg = Debug|Win32
		{742279FB-93E7-47FE-9ED3-F7A2AEA88456}.Debug|x86.Build.0 = Debug|Win32
		{742279FB-93E7-47FE-9ED3-F7A2AEA88456}.Release|x64.ActiveCfg = Release|x64
		{742279FB-93E7-47FE-9ED3-F7A2AEA88456}.Release|x64.Build.0 = Release|x64
		{742279FB-93E7-47FE-9ED3-F7A2AEA88456}.Release|x86.ActiveCfg = Release|Win32
		{742279FB-93E7-47FE-9ED3-F7A2AEA88456}.Release|x86.Build.0 = Release|Win32
		{E8972822-7A91-4153-A972-5E998876CFAA}.Debug|x64.ActiveCfg = Debug|x64
		{E8972822-7A91-4153-A972-5E998876CFAA}.Debug|x64.Build.0 = Debug|x64
		{E8972822-7A91-4153-A972-5E998876CFAA}.Debug|x86.ActiveCfg = Debug|Win32
		{E8972822-7A91-4153-A972-5E998876CFAA}.Debug|x86.Build.0 = Debug|Win32
		{E8972822-7A91-4153-A972-5E998876CFAA}.Release|x64.ActiveCfg = Release|x64
		{E8972822-7A91-4153-A972-5E998876CFAA}.Release|x64.Build.0 = Release|x64
		{E8972822-7A91-4153-A972-5E998876CFAA}.Release|x86.ActiveCfg = Release|Win32
		{E8972822-7A91-4153-A972-5E998876CFAA}.Release|x86.Build.0 = Release|Win32
		{2A71C999-3161-4C4E-9020-155ECBA307AA}.Debug|x64.ActiveCfg = Debug|x64
		{2A71C999-3161-4C4E-9020-155ECBA307AA}.Debug|x64.Build.0 = Debug|x64
		{2A71C999-3161-4C4E-9020-155ECBA307AA}.Debug|x86.ActiveCfg = Debug|Win32
		{2A71C999-3161-4C4E-9020-155ECBA307AA}.Debug|x86.Build.0 = Debug|Win32
		{2A71C999-3161-4C4E-9020-155ECBA307AA}.Release|x64.ActiveCfg = Release|x64
		{2A71C999-3161-4C4E-9020-155ECBA307AA}.Release|x64.Build.0 = Release|x64
		{2A71C999-3161-4C4E-9020-155ECBA307AA}.Release|x86.ActiveCfg = Release|Win32
		{2A71C999-3161-4C4E-9020-155ECBA307AA}.Release|x86.Build.0 = Release|Win32
		{AEC53962-027D-4C8A-AD72-7FC02873408F}.Debug|x64.ActiveCfg = Debug|x64
		{AEC53962-027D-4C8A-AD72-7FC02873408F}.Debug|x64.Build.0 = Debug|x64
		{AEC53962-027D-4C8A-AD72-7FC02873408F}.Debug|x86.ActiveCfg = Debug|Win32
		{AEC53962-027D-4C8A-AD72-7FC02873408F}.Debug|x86.Build.0 = Debug|Win32
		{AEC53962-027D-4C8A-AD72-7FC02873408F}.Release|x64.ActiveCfg = Release|x64
		{AEC53962-027D-4C8A-AD72-7FC02873408F}.Release|x64.Build.0 = Release|x64
		{AEC53962-027D-4C8A-AD72-7FC02873408F}.Release|x86.ActiveCfg = Release|Win32
		{AEC53962-027D-4C8A-AD72-7FC02873408F}.Release|x86.Build.0 = Release|Win32
		{72ED5222-9C28-4A92-83E3-636A37A265B5}.Debug|x64.ActiveCfg = Debug|x64
		{72ED5222-9C28-4A92-83E3-636A37A265B5}.Debug|x64.Build.0 = Debug|x64
		{72ED5222-9C28-4A92-83E3-636A37A265B5}.Debug|x86.ActiveCfg = Debug|Win32
		{72ED5222-9C28-4A92-83E3-636A37A265B5}.Debug|x86.Build.0 = Debug|Win32
		{72ED5222-9C28-4A92-83E3-636A37A265B5}.Release|x64.ActiveCfg = Release|x64
		{72ED5222-9C28-4A92-83E3-636A37A265B5}.Release|x64.Build.0 = Release|x64
		{72ED5222-9C28-4A92-83E3-636A37A265B5}.Release|x86.ActiveCfg = Release|Win32
		{72ED5222-9C28-4A92-83E3-636A37A265B5}.Release|x86.Build.0 = Release|Win32
		{00D3200B-46CD-4D34-AE3F-346511954548}.Debug|x64.ActiveCfg = Debug|x64
		{00D3200B-46CD-4D34-AE3F-346511954548}.Debug|x64.Build.0 = Debug|x64
		{00D3200B-46CD-4D34-AE3F-346511954548}.Debug|x86.ActiveCfg = Debug|Win32
		{00D3200B-46CD-4D34-AE3F-346511954548}.Debug|x86.Build.0 = Debug|Win32
		{00D3200B-46CD-4D34-AE3F-346511954548}.Release|x64.ActiveCfg = Release|x64
		{00D3200B-46CD-4D34-AE3F-346511954548}.Release|x64.Build.0 = Release|x64
		{00D3200B-46CD-4D34-AE3F-346511954548}.Release|x86.ActiveCfg = Release|Win32
		{00D3200B-46CD-4D34-AE3F-346511954548}.Release|x86.Build.0 = Release|Win32
	EndGlobalSection
	GlobalSection(SolutionProperties) = preSolution
		HideSolutionNode = FALSE
	EndGlobalSection
	GlobalSection(ExtensibilityGlobals) = postSolution
		SolutionGuid = {C1BDA16F-9AFC-40FA-99A9-293DD4816F34}
	EndGlobalSection
EndGlobal
